
Microsoft Visual Studio Solution File, Format Version 12.00
# Visual Studio Version 17
VisualStudioVersion = 17.3.32929.385
MinimumVisualStudioVersion = 10.0.40219.1
Project("{FAE04EC0-301F-11D3-BF4B-00C04F79EFBC}") = "GenerationFakeUserData.Server", "GenerationFakeUserData\Server\GenerationFakeUserData.Server.csproj", "{8F654124-4FA7-4619-9D8E-39E354FD54ED}"
EndProject
Project("{FAE04EC0-301F-11D3-BF4B-00C04F79EFBC}") = "GenerationFakeUserData.Client", "GenerationFakeUserData\Client\GenerationFakeUserData.Client.csproj", "{F09AB6D0-00CC-43E9-A6F6-CA4459C71CD3}"
EndProject
Project("{FAE04EC0-301F-11D3-BF4B-00C04F79EFBC}") = "GenerationFakeUserData.Shared", "GenerationFakeUserData\Shared\GenerationFakeUserData.Shared.csproj", "{9495E414-FEB6-443C-ADC1-198BEBD99373}"
EndProject
Global
	GlobalSection(SolutionConfigurationPlatforms) = preSolution
		Debug|Any CPU = Debug|Any CPU
		Release|Any CPU = Release|Any CPU
	EndGlobalSection
	GlobalSection(ProjectConfigurationPlatforms) = postSolution
		{8F654124-4FA7-4619-9D8E-39E354FD54ED}.Debug|Any CPU.ActiveCfg = Debug|Any CPU
		{8F654124-4FA7-4619-9D8E-39E354FD54ED}.Debug|Any CPU.Build.0 = Debug|Any CPU
		{8F654124-4FA7-4619-9D8E-39E354FD54ED}.Release|Any CPU.ActiveCfg = Release|Any CPU
		{8F654124-4FA7-4619-9D8E-39E354FD54ED}.Release|Any CPU.Build.0 = Release|Any CPU
		{F09AB6D0-00CC-43E9-A6F6-CA4459C71CD3}.Debug|Any CPU.ActiveCfg = Debug|Any CPU
		{F09AB6D0-00CC-43E9-A6F6-CA4459C71CD3}.Debug|Any CPU.Build.0 = Debug|Any CPU
		{F09AB6D0-00CC-43E9-A6F6-CA4459C71CD3}.Release|Any CPU.ActiveCfg = Release|Any CPU
		{F09AB6D0-00CC-43E9-A6F6-CA4459C71CD3}.Release|Any CPU.Build.0 = Release|Any CPU
		{9495E414-FEB6-443C-ADC1-198BEBD99373}.Debug|Any CPU.ActiveCfg = Debug|Any CPU
		{9495E414-FEB6-443C-ADC1-198BEBD99373}.Debug|Any CPU.Build.0 = Debug|Any CPU
		{9495E414-FEB6-443C-ADC1-198BEBD99373}.Release|Any CPU.ActiveCfg = Release|Any CPU
		{9495E414-FEB6-443C-ADC1-198BEBD99373}.Release|Any CPU.Build.0 = Release|Any CPU
	EndGlobalSection
	GlobalSection(SolutionProperties) = preSolution
		HideSolutionNode = FALSE
	EndGlobalSection
	GlobalSection(ExtensibilityGlobals) = postSolution
		SolutionGuid = {098C1846-CDF6-47E4-9E86-9B935214344C}
	EndGlobalSection
EndGlobal
